
Microsoft Visual Studio Solution File, Format Version 12.00
# Visual Studio Version 17
VisualStudioVersion = 17.9.34728.123
MinimumVisualStudioVersion = 10.0.40219.1
Project("{8BC9CEB8-8B4A-11D0-8D11-00A0C91BC942}") = "TurretGame", "TurretGame\TurretGame.vcxproj", "{39F16440-B891-47C5-875A-E1C488B3E69E}"
EndProject
Global
	GlobalSection(SolutionConfigurationPlatforms) = preSolution
		Debug|x64 = Debug|x64
		Debug|x86 = Debug|x86
		Release|x64 = Release|x64
		Release|x86 = Release|x86
	EndGlobalSection
	GlobalSection(ProjectConfigurationPlatforms) = postSolution
		{39F16440-B891-47C5-875A-E1C488B3E69E}.Debug|x64.ActiveCfg = Debug|x64
		{39F16440-B891-47C5-875A-E1C488B3E69E}.Debug|x64.Build.0 = Debug|x64
		{39F16440-B891-47C5-875A-E1C488B3E69E}.Debug|x86.ActiveCfg = Debug|Win32
		{39F16440-B891-47C5-875A-E1C488B3E69E}.Debug|x86.Build.0 = Debug|Win32
		{39F16440-B891-47C5-875A-E1C488B3E69E}.Release|x64.ActiveCfg = Release|x64
		{39F16440-B891-47C5-875A-E1C488B3E69E}.Release|x64.Build.0 = Release|x64
		{39F16440-B891-47C5-875A-E1C488B3E69E}.Release|x86.ActiveCfg = Release|Win32
		{39F16440-B891-47C5-875A-E1C488B3E69E}.Release|x86.Build.0 = Release|Win32
	EndGlobalSection
	GlobalSection(SolutionProperties) = preSolution
		HideSolutionNode = FALSE
	EndGlobalSection
	GlobalSection(ExtensibilityGlobals) = postSolution
		SolutionGuid = {0907CB19-7669-4FFA-94C6-A5942768ABEA}
	EndGlobalSection
EndGlobal
